lockfileVersion: '6.0'

settings:
  autoInstallPeers: true
  excludeLinksFromLockfile: false

dependencies:
  bulma:
    specifier: ^0.9.4
    version: 0.9.4
  font-awesome:
    specifier: 4.7.0
    version: 4.7.0
  htmx.org:
    specifier: ^1.9.10
    version: 1.9.10
  mustache:
    specifier: ^4.2.0
    version: 4.2.0
  prettier:
    specifier: ^3.2.2
    version: 3.2.2

packages:

  /bulma@0.9.4:
    resolution: {integrity: sha512-86FlT5+1GrsgKbPLRRY7cGDg8fsJiP/jzTqXXVqiUZZ2aZT8uemEOHlU1CDU+TxklPEZ11HZNNWclRBBecP4CQ==}
    dev: false

  /font-awesome@4.7.0:
    resolution: {integrity: sha512-U6kGnykA/6bFmg1M/oT9EkFeIYv7JlX3bozwQJWiiLz6L0w3F5vBVPxHlwyX/vtNq1ckcpRKOB9f2Qal/VtFpg==}
    engines: {node: '>=0.10.3'}
    dev: false

  /htmx.org@1.9.10:
    resolution: {integrity: sha512-UgchasltTCrTuU2DQLom3ohHrBvwr7OqpwyAVJ9VxtNBng4XKkVsqrv0Qr3srqvM9ZNI3f1MmvVQQqK7KW/bTA==}
    dev: false

  /mustache@4.2.0:
    resolution: {integrity: sha512-71ippSywq5Yb7/tVYyGbkBggbU8H3u5Rz56fH60jGFgr8uHwxs+aSKeqmluIVzM0m0kB7xQjKS6qPfd0b2ZoqQ==}
    hasBin: true
    dev: false

  /prettier@3.2.2:
    resolution: {integrity: sha512-HTByuKZzw7utPiDO523Tt2pLtEyK7OibUD9suEJQrPUCYQqrHr74GGX6VidMrovbf/I50mPqr8j/II6oBAuc5A==}
    engines: {node: '>=14'}
    hasBin: true
    dev: false
